// !$*UTF8*$!
{
	archiveVersion = 1;
	classes = {
	};
	objectVersion = 55;
	objects = {

/* Begin PBXBuildFile section */
		991E9933285CD39A001ADFB9 /* mReadyChallengeApp.swift in Sources */ = {isa = PBXBuildFile; fileRef = 991E9932285CD39A001ADFB9 /* mReadyChallengeApp.swift */; };
		991E9935285CD39A001ADFB9 /* RepositoriesList.swift in Sources */ = {isa = PBXBuildFile; fileRef = 991E9934285CD39A001ADFB9 /* RepositoriesList.swift */; };
		991E9937285CD39B001ADFB9 /* Assets.xcassets in Resources */ = {isa = PBXBuildFile; fileRef = 991E9936285CD39B001ADFB9 /* Assets.xcassets */; };
		991E993A285CD39B001ADFB9 /* Preview Assets.xcassets in Resources */ = {isa = PBXBuildFile; fileRef = 991E9939285CD39B001ADFB9 /* Preview Assets.xcassets */; };
		991E9944285CD4FB001ADFB9 /* Repository.swift in Sources */ = {isa = PBXBuildFile; fileRef = 991E9943285CD4FB001ADFB9 /* Repository.swift */; };
		991E9948285CD5C2001ADFB9 /* GitHubUser.swift in Sources */ = {isa = PBXBuildFile; fileRef = 991E9947285CD5C2001ADFB9 /* GitHubUser.swift */; };
		991E994A285CD914001ADFB9 /* RepositoriesLoader.swift in Sources */ = {isa = PBXBuildFile; fileRef = 991E9949285CD914001ADFB9 /* RepositoriesLoader.swift */; };
		991E994D285CF3B1001ADFB9 /* RepositoryDetails.swift in Sources */ = {isa = PBXBuildFile; fileRef = 991E994C285CF3B1001ADFB9 /* RepositoryDetails.swift */; };
		991E994F285D0038001ADFB9 /* NetworkClient.swift in Sources */ = {isa = PBXBuildFile; fileRef = 991E994E285D0038001ADFB9 /* NetworkClient.swift */; };
		991E9951285D03CB001ADFB9 /* RepositoryReadMe.swift in Sources */ = {isa = PBXBuildFile; fileRef = 991E9950285D03CB001ADFB9 /* RepositoryReadMe.swift */; };
		991E9954285DD314001ADFB9 /* RepositoryView.swift in Sources */ = {isa = PBXBuildFile; fileRef = 991E9953285DD313001ADFB9 /* RepositoryView.swift */; };
		991E9956285DE615001ADFB9 /* RepositoryDetailsView.swift in Sources */ = {isa = PBXBuildFile; fileRef = 991E9955285DE615001ADFB9 /* RepositoryDetailsView.swift */; };
/* End PBXBuildFile section */

/* Begin PBXFileReference section */
		991E992F285CD399001ADFB9 /* mReadyChallenge.app */ = {isa = PBXFileReference; explicitFileType = wrapper.application; includeInIndex = 0; path = mReadyChallenge.app; sourceTree = BUILT_PRODUCTS_DIR; };
		991E9932285CD39A001ADFB9 /* mReadyChallengeApp.swift */ = {isa = PBXFileReference; lastKnownFileType = sourcecode.swift; path = mReadyChallengeApp.swift; sourceTree = "<group>"; };
		991E9934285CD39A001ADFB9 /* RepositoriesList.swift */ = {isa = PBXFileReference; lastKnownFileType = sourcecode.swift; path = RepositoriesList.swift; sourceTree = "<group>"; };
		991E9936285CD39B001ADFB9 /* Assets.xcassets */ = {isa = PBXFileReference; lastKnownFileType = folder.assetcatalog; path = Assets.xcassets; sourceTree = "<group>"; };
		991E9939285CD39B001ADFB9 /* Preview Assets.xcassets */ = {isa = PBXFileReference; lastKnownFileType = folder.assetcatalog; path = "Preview Assets.xcassets"; sourceTree = "<group>"; };
		991E9943285CD4FB001ADFB9 /* Repository.swift */ = {isa = PBXFileReference; lastKnownFileType = sourcecode.swift; path = Repository.swift; sourceTree = "<group>"; };
		991E9947285CD5C2001ADFB9 /* GitHubUser.swift */ = {isa = PBXFileReference; lastKnownFileType = sourcecode.swift; path = GitHubUser.swift; sourceTree = "<group>"; };
		991E9949285CD914001ADFB9 /* RepositoriesLoader.swift */ = {isa = PBXFileReference; lastKnownFileType = sourcecode.swift; path = RepositoriesLoader.swift; sourceTree = "<group>"; };
		991E994C285CF3B1001ADFB9 /* RepositoryDetails.swift */ = {isa = PBXFileReference; lastKnownFileType = sourcecode.swift; path = RepositoryDetails.swift; sourceTree = "<group>"; };
		991E994E285D0038001ADFB9 /* NetworkClient.swift */ = {isa = PBXFileReference; lastKnownFileType = sourcecode.swift; path = NetworkClient.swift; sourceTree = "<group>"; };
		991E9950285D03CB001ADFB9 /* RepositoryReadMe.swift */ = {isa = PBXFileReference; lastKnownFileType = sourcecode.swift; path = RepositoryReadMe.swift; sourceTree = "<group>"; };
		991E9953285DD313001ADFB9 /* RepositoryView.swift */ = {isa = PBXFileReference; lastKnownFileType = sourcecode.swift; path = RepositoryView.swift; sourceTree = "<group>"; };
		991E9955285DE615001ADFB9 /* RepositoryDetailsView.swift */ = {isa = PBXFileReference; lastKnownFileType = sourcecode.swift; path = RepositoryDetailsView.swift; sourceTree = "<group>"; };
/* End PBXFileReference section */

/* Begin PBXFrameworksBuildPhase section */
		991E992C285CD399001ADFB9 /* Frameworks */ = {
			isa = PBXFrameworksBuildPhase;
			buildActionMask = 2147483647;
			files = (
			);
			runOnlyForDeploymentPostprocessing = 0;
		};
/* End PBXFrameworksBuildPhase section */

/* Begin PBXGroup section */
		991E9926285CD399001ADFB9 = {
			isa = PBXGroup;
			children = (
				991E9931285CD399001ADFB9 /* mReadyChallenge */,
				991E9930285CD399001ADFB9 /* Products */,
			);
			sourceTree = "<group>";
		};
		991E9930285CD399001ADFB9 /* Products */ = {
			isa = PBXGroup;
			children = (
				991E992F285CD399001ADFB9 /* mReadyChallenge.app */,
			);
			name = Products;
			sourceTree = "<group>";
		};
		991E9931285CD399001ADFB9 /* mReadyChallenge */ = {
			isa = PBXGroup;
			children = (
				991E9932285CD39A001ADFB9 /* mReadyChallengeApp.swift */,
				991E9936285CD39B001ADFB9 /* Assets.xcassets */,
				991E9940285CD48E001ADFB9 /* Model */,
				991E9938285CD39B001ADFB9 /* Preview Content */,
				991E994B285CF209001ADFB9 /* Services */,
				991E9952285DC7DE001ADFB9 /* View */,
			);
			path = mReadyChallenge;
			sourceTree = "<group>";
		};
		991E9938285CD39B001ADFB9 /* Preview Content */ = {
			isa = PBXGroup;
			children = (
				991E9939285CD39B001ADFB9 /* Preview Assets.xcassets */,
			);
			path = "Preview Content";
			sourceTree = "<group>";
		};
		991E9940285CD48E001ADFB9 /* Model */ = {
			isa = PBXGroup;
			children = (
				991E9947285CD5C2001ADFB9 /* GitHubUser.swift */,
				991E9943285CD4FB001ADFB9 /* Repository.swift */,
				991E994C285CF3B1001ADFB9 /* RepositoryDetails.swift */,
				991E9950285D03CB001ADFB9 /* RepositoryReadMe.swift */,
			);
			path = Model;
			sourceTree = "<group>";
		};
		991E994B285CF209001ADFB9 /* Services */ = {
			isa = PBXGroup;
			children = (
				991E9949285CD914001ADFB9 /* RepositoriesLoader.swift */,
				991E994E285D0038001ADFB9 /* NetworkClient.swift */,
			);
			path = Services;
			sourceTree = "<group>";
		};
		991E9952285DC7DE001ADFB9 /* View */ = {
			isa = PBXGroup;
			children = (
				991E9934285CD39A001ADFB9 /* RepositoriesList.swift */,
				991E9955285DE615001ADFB9 /* RepositoryDetailsView.swift */,
				991E9953285DD313001ADFB9 /* RepositoryView.swift */,
			);
			path = View;
			sourceTree = "<group>";
		};
/* End PBXGroup section */

/* Begin PBXNativeTarget section */
		991E992E285CD399001ADFB9 /* mReadyChallenge */ = {
			isa = PBXNativeTarget;
			buildConfigurationList = 991E993D285CD39B001ADFB9 /* Build configuration list for PBXNativeTarget "mReadyChallenge" */;
			buildPhases = (
				991E992B285CD399001ADFB9 /* Sources */,
				991E992C285CD399001ADFB9 /* Frameworks */,
				991E992D285CD399001ADFB9 /* Resources */,
			);
			buildRules = (
			);
			dependencies = (
			);
			name = mReadyChallenge;
			productName = mReadyChallenge;
			productReference = 991E992F285CD399001ADFB9 /* mReadyChallenge.app */;
			productType = "com.apple.product-type.application";
		};
/* End PBXNativeTarget section */

/* Begin PBXProject section */
		991E9927285CD399001ADFB9 /* Project object */ = {
			isa = PBXProject;
			attributes = {
				BuildIndependentTargetsInParallel = 1;
				LastSwiftUpdateCheck = 1340;
				LastUpgradeCheck = 1340;
				TargetAttributes = {
					991E992E285CD399001ADFB9 = {
						CreatedOnToolsVersion = 13.4.1;
					};
				};
			};
			buildConfigurationList = 991E992A285CD399001ADFB9 /* Build configuration list for PBXProject "mReadyChallenge" */;
			compatibilityVersion = "Xcode 13.0";
			developmentRegion = en;
			hasScannedForEncodings = 0;
			knownRegions = (
				en,
				Base,
			);
			mainGroup = 991E9926285CD399001ADFB9;
			productRefGroup = 991E9930285CD399001ADFB9 /* Products */;
			projectDirPath = "";
			projectRoot = "";
			targets = (
				991E992E285CD399001ADFB9 /* mReadyChallenge */,
			);
		};
/* End PBXProject section */

/* Begin PBXResourcesBuildPhase section */
		991E992D285CD399001ADFB9 /* Resources */ = {
			isa = PBXResourcesBuildPhase;
			buildActionMask = 2147483647;
			files = (
				991E993A285CD39B001ADFB9 /* Preview Assets.xcassets in Resources */,
				991E9937285CD39B001ADFB9 /* Assets.xcassets in Resources */,
			);
			runOnlyForDeploymentPostprocessing = 0;
		};
/* End PBXResourcesBuildPhase section */

/* Begin PBXSourcesBuildPhase section */
		991E992B285CD399001ADFB9 /* Sources */ = {
			isa = PBXSourcesBuildPhase;
			buildActionMask = 2147483647;
			files = (
				991E9935285CD39A001ADFB9 /* RepositoriesList.swift in Sources */,
				991E9948285CD5C2001ADFB9 /* GitHubUser.swift in Sources */,
				991E994D285CF3B1001ADFB9 /* RepositoryDetails.swift in Sources */,
				991E994A285CD914001ADFB9 /* RepositoriesLoader.swift in Sources */,
				991E994F285D0038001ADFB9 /* NetworkClient.swift in Sources */,
				991E9954285DD314001ADFB9 /* RepositoryView.swift in Sources */,
				991E9956285DE615001ADFB9 /* RepositoryDetailsView.swift in Sources */,
				991E9933285CD39A001ADFB9 /* mReadyChallengeApp.swift in Sources */,
				991E9944285CD4FB001ADFB9 /* Repository.swift in Sources */,
				991E9951285D03CB001ADFB9 /* RepositoryReadMe.swift in Sources */,
			);
			runOnlyForDeploymentPostprocessing = 0;
		};
/* End PBXSourcesBuildPhase section */

/* Begin XCBuildConfiguration section */
		991E993B285CD39B001ADFB9 /* Debug */ = {
			isa = XCBuildConfiguration;
			buildSettings = {
				ALWAYS_SEARCH_USER_PATHS = NO;
				CLANG_ANALYZER_NONNULL = YES;
				CLANG_ANALYZER_NUMBER_OBJECT_CONVERSION = YES_AGGRESSIVE;
				CLANG_CXX_LANGUAGE_STANDARD = "gnu++17";
				CLANG_ENABLE_MODULES = YES;
				CLANG_ENABLE_OBJC_ARC = YES;
				CLANG_ENABLE_OBJC_WEAK = YES;
				CLANG_WARN_BLOCK_CAPTURE_AUTORELEASING = YES;
				CLANG_WARN_BOOL_CONVERSION = YES;
				CLANG_WARN_COMMA = YES;
				CLANG_WARN_CONSTANT_CONVERSION = YES;
				CLANG_WARN_DEPRECATED_OBJC_IMPLEMENTATIONS = YES;
				CLANG_WARN_DIRECT_OBJC_ISA_USAGE = YES_ERROR;
				CLANG_WARN_DOCUMENTATION_COMMENTS = YES;
				CLANG_WARN_EMPTY_BODY = YES;
				CLANG_WARN_ENUM_CONVERSION = YES;
				CLANG_WARN_INFINITE_RECURSION = YES;
				CLANG_WARN_INT_CONVERSION = YES;
				CLANG_WARN_NON_LITERAL_NULL_CONVERSION = YES;
				CLANG_WARN_OBJC_IMPLICIT_RETAIN_SELF = YES;
				CLANG_WARN_OBJC_LITERAL_CONVERSION = YES;
				CLANG_WARN_OBJC_ROOT_CLASS = YES_ERROR;
				CLANG_WARN_QUOTED_INCLUDE_IN_FRAMEWORK_HEADER = YES;
				CLANG_WARN_RANGE_LOOP_ANALYSIS = YES;
				CLANG_WARN_STRICT_PROTOTYPES = YES;
				CLANG_WARN_SUSPICIOUS_MOVE = YES;
				CLANG_WARN_UNGUARDED_AVAILABILITY = YES_AGGRESSIVE;
				CLANG_WARN_UNREACHABLE_CODE = YES;
				CLANG_WARN__DUPLICATE_METHOD_MATCH = YES;
				COPY_PHASE_STRIP = NO;
				DEBUG_INFORMATION_FORMAT = dwarf;
				ENABLE_STRICT_OBJC_MSGSEND = YES;
				ENABLE_TESTABILITY = YES;
				GCC_C_LANGUAGE_STANDARD = gnu11;
				GCC_DYNAMIC_NO_PIC = NO;
				GCC_NO_COMMON_BLOCKS = YES;
				GCC_OPTIMIZATION_LEVEL = 0;
				GCC_PREPROCESSOR_DEFINITIONS = (
					"DEBUG=1",
					"$(inherited)",
				);
				GCC_WARN_64_TO_32_BIT_CONVERSION = YES;
				GCC_WARN_ABOUT_RETURN_TYPE = YES_ERROR;
				GCC_WARN_UNDECLARED_SELECTOR = YES;
				GCC_WARN_UNINITIALIZED_AUTOS = YES_AGGRESSIVE;
				GCC_WARN_UNUSED_FUNCTION = YES;
				GCC_WARN_UNUSED_VARIABLE = YES;
				IPHONEOS_DEPLOYMENT_TARGET = 15.5;
				MTL_ENABLE_DEBUG_INFO = INCLUDE_SOURCE;
				MTL_FAST_MATH = YES;
				ONLY_ACTIVE_ARCH = YES;
				SDKROOT = iphoneos;
				SWIFT_ACTIVE_COMPILATION_CONDITIONS = DEBUG;
				SWIFT_OPTIMIZATION_LEVEL = "-Onone";
			};
			name = Debug;
		};
		991E993C285CD39B001ADFB9 /* Release */ = {
			isa = XCBuildConfiguration;
			buildSettings = {
				ALWAYS_SEARCH_USER_PATHS = NO;
				CLANG_ANALYZER_NONNULL = YES;
				CLANG_ANALYZER_NUMBER_OBJECT_CONVERSION = YES_AGGRESSIVE;
				CLANG_CXX_LANGUAGE_STANDARD = "gnu++17";
				CLANG_ENABLE_MODULES = YES;
				CLANG_ENABLE_OBJC_ARC = YES;
				CLANG_ENABLE_OBJC_WEAK = YES;
				CLANG_WARN_BLOCK_CAPTURE_AUTORELEASING = YES;
				CLANG_WARN_BOOL_CONVERSION = YES;
				CLANG_WARN_COMMA = YES;
				CLANG_WARN_CONSTANT_CONVERSION = YES;
				CLANG_WARN_DEPRECATED_OBJC_IMPLEMENTATIONS = YES;
				CLANG_WARN_DIRECT_OBJC_ISA_USAGE = YES_ERROR;
				CLANG_WARN_DOCUMENTATION_COMMENTS = YES;
				CLANG_WARN_EMPTY_BODY = YES;
				CLANG_WARN_ENUM_CONVERSION = YES;
				CLANG_WARN_INFINITE_RECURSION = YES;
				CLANG_WARN_INT_CONVERSION = YES;
				CLANG_WARN_NON_LITERAL_NULL_CONVERSION = YES;
				CLANG_WARN_OBJC_IMPLICIT_RETAIN_SELF = YES;
				CLANG_WARN_OBJC_LITERAL_CONVERSION = YES;
				CLANG_WARN_OBJC_ROOT_CLASS = YES_ERROR;
				CLANG_WARN_QUOTED_INCLUDE_IN_FRAMEWORK_HEADER = YES;
				CLANG_WARN_RANGE_LOOP_ANALYSIS = YES;
				CLANG_WARN_STRICT_PROTOTYPES = YES;
				CLANG_WARN_SUSPICIOUS_MOVE = YES;
				CLANG_WARN_UNGUARDED_AVAILABILITY = YES_AGGRESSIVE;
				CLANG_WARN_UNREACHABLE_CODE = YES;
				CLANG_WARN__DUPLICATE_METHOD_MATCH = YES;
				COPY_PHASE_STRIP = NO;
				DEBUG_INFORMATION_FORMAT = "dwarf-with-dsym";
				ENABLE_NS_ASSERTIONS = NO;
				ENABLE_STRICT_OBJC_MSGSEND = YES;
				GCC_C_LANGUAGE_STANDARD = gnu11;
				GCC_NO_COMMON_BLOCKS = YES;
				GCC_WARN_64_TO_32_BIT_CONVERSION = YES;
				GCC_WARN_ABOUT_RETURN_TYPE = YES_ERROR;
				GCC_WARN_UNDECLARED_SELECTOR = YES;
				GCC_WARN_UNINITIALIZED_AUTOS = YES_AGGRESSIVE;
				GCC_WARN_UNUSED_FUNCTION = YES;
				GCC_WARN_UNUSED_VARIABLE = YES;
				IPHONEOS_DEPLOYMENT_TARGET = 15.5;
				MTL_ENABLE_DEBUG_INFO = NO;
				MTL_FAST_MATH = YES;
				SDKROOT = iphoneos;
				SWIFT_COMPILATION_MODE = wholemodule;
				SWIFT_OPTIMIZATION_LEVEL = "-O";
				VALIDATE_PRODUCT = YES;
			};
			name = Release;
		};
		991E993E285CD39B001ADFB9 /* Debug */ = {
			isa = XCBuildConfiguration;
			buildSettings = {
				ASSETCATALOG_COMPILER_APPICON_NAME = AppIcon;
				ASSETCATALOG_COMPILER_GLOBAL_ACCENT_COLOR_NAME = AccentColor;
				CODE_SIGN_STYLE = Automatic;
				CURRENT_PROJECT_VERSION = 1;
				DEVELOPMENT_ASSET_PATHS = "\"mReadyChallenge/Preview Content\"";
				ENABLE_PREVIEWS = YES;
				GENERATE_INFOPLIST_FILE = YES;
				INFOPLIST_KEY_UIApplicationSceneManifest_Generation = YES;
				INFOPLIST_KEY_UIApplicationSupportsIndirectInputEvents = YES;
				INFOPLIST_KEY_UILaunchScreen_Generation = YES;
				INFOPLIST_KEY_UISupportedInterfaceOrientations_iPad = "UIInterfaceOrientationPortrait UIInterfaceOrientationPortraitUpsideDown UIInterfaceOrientationLandscapeLeft UIInterfaceOrientationLandscapeRight";
				INFOPLIST_KEY_UISupportedInterfaceOrientations_iPhone = "UIInterfaceOrientationPortrait UIInterfaceOrientationLandscapeLeft UIInterfaceOrientationLandscapeRight";
				LD_RUNPATH_SEARCH_PATHS = (
					"$(inherited)",
					"@executable_path/Frameworks",
				);
				MARKETING_VERSION = 1.0;
				PRODUCT_BUNDLE_IDENTIFIER = CBraghes.mReadyChallenge;
				PRODUCT_NAME = "$(TARGET_NAME)";
				SWIFT_EMIT_LOC_STRINGS = YES;
				SWIFT_VERSION = 5.0;
				TARGETED_DEVICE_FAMILY = "1,2";
			};
			name = Debug;
		};
		991E993F285CD39B001ADFB9 /* Release */ = {
			isa = XCBuildConfiguration;
			buildSettings = {
				ASSETCATALOG_COMPILER_APPICON_NAME = AppIcon;
				ASSETCATALOG_COMPILER_GLOBAL_ACCENT_COLOR_NAME = AccentColor;
				CODE_SIGN_STYLE = Automatic;
				CURRENT_PROJECT_VERSION = 1;
				DEVELOPMENT_ASSET_PATHS = "\"mReadyChallenge/Preview Content\"";
				ENABLE_PREVIEWS = YES;
				GENERATE_INFOPLIST_FILE = YES;
				INFOPLIST_KEY_UIApplicationSceneManifest_Generation = YES;
				INFOPLIST_KEY_UIApplicationSupportsIndirectInputEvents = YES;
				INFOPLIST_KEY_UILaunchScreen_Generation = YES;
				INFOPLIST_KEY_UISupportedInterfaceOrientations_iPad = "UIInterfaceOrientationPortrait UIInterfaceOrientationPortraitUpsideDown UIInterfaceOrientationLandscapeLeft UIInterfaceOrientationLandscapeRight";
				INFOPLIST_KEY_UISupportedInterfaceOrientations_iPhone = "UIInterfaceOrientationPortrait UIInterfaceOrientationLandscapeLeft UIInterfaceOrientationLandscapeRight";
				LD_RUNPATH_SEARCH_PATHS = (
					"$(inherited)",
					"@executable_path/Frameworks",
				);
				MARKETING_VERSION = 1.0;
				PRODUCT_BUNDLE_IDENTIFIER = CBraghes.mReadyChallenge;
				PRODUCT_NAME = "$(TARGET_NAME)";
				SWIFT_EMIT_LOC_STRINGS = YES;
				SWIFT_VERSION = 5.0;
				TARGETED_DEVICE_FAMILY = "1,2";
			};
			name = Release;
		};
/* End XCBuildConfiguration section */

/* Begin XCConfigurationList section */
		991E992A285CD399001ADFB9 /* Build configuration list for PBXProject "mReadyChallenge" */ = {
			isa = XCConfigurationList;
			buildConfigurations = (
				991E993B285CD39B001ADFB9 /* Debug */,
				991E993C285CD39B001ADFB9 /* Release */,
			);
			defaultConfigurationIsVisible = 0;
			defaultConfigurationName = Release;
		};
		991E993D285CD39B001ADFB9 /* Build configuration list for PBXNativeTarget "mReadyChallenge" */ = {
			isa = XCConfigurationList;
			buildConfigurations = (
				991E993E285CD39B001ADFB9 /* Debug */,
				991E993F285CD39B001ADFB9 /* Release */,
			);
			defaultConfigurationIsVisible = 0;
			defaultConfigurationName = Release;
		};
/* End XCConfigurationList section */
	};
	rootObject = 991E9927285CD399001ADFB9 /* Project object */;
}
